
Microsoft Visual Studio Solution File, Format Version 12.00
# Visual Studio Version 17
VisualStudioVersion = 17.7.34031.279
MinimumVisualStudioVersion = 10.0.40219.1
Project("{9A19103F-16F7-4668-BE54-9A1E7A4F7556}") = "Logger", "Logger.csproj", "{CD690936-6E55-4977-B454-A8DC5B7E41DF}"
EndProject
Global
	GlobalSection(SolutionConfigurationPlatforms) = preSolution
		Debug|Any CPU = Debug|Any CPU
		Release|Any CPU = Release|Any CPU
	EndGlobalSection
	GlobalSection(ProjectConfigurationPlatforms) = postSolution
		{CD690936-6E55-4977-B454-A8DC5B7E41DF}.Debug|Any CPU.ActiveCfg = Debug|Any CPU
		{CD690936-6E55-4977-B454-A8DC5B7E41DF}.Debug|Any CPU.Build.0 = Debug|Any CPU
		{CD690936-6E55-4977-B454-A8DC5B7E41DF}.Release|Any CPU.ActiveCfg = Release|Any CPU
		{CD690936-6E55-4977-B454-A8DC5B7E41DF}.Release|Any CPU.Build.0 = Release|Any CPU
	EndGlobalSection
	GlobalSection(SolutionProperties) = preSolution
		HideSolutionNode = FALSE
	EndGlobalSection
	GlobalSection(ExtensibilityGlobals) = postSolution
		SolutionGuid = {8C590505-1CB4-4858-A4A3-98E52BCBF643}
	EndGlobalSection
EndGlobal
